// !$*UTF8*$!
{
	archiveVersion = 1;
	classes = {
	};
	objectVersion = 50;
	objects = {

/* Begin PBXBuildFile section */
		621F64C121D68741002E6ED7 /* TranslateManagerTestCase.swift in Sources */ = {isa = PBXBuildFile; fileRef = 621F64C021D68741002E6ED7 /* TranslateManagerTestCase.swift */; };
		621F64C421D6884D002E6ED7 /* WeatherManagerTestCase.swift in Sources */ = {isa = PBXBuildFile; fileRef = 621F64C321D6884D002E6ED7 /* WeatherManagerTestCase.swift */; };
		621F64C621D68A4A002E6ED7 /* ExchangeRates.json in Resources */ = {isa = PBXBuildFile; fileRef = 621F64C521D68A4A002E6ED7 /* ExchangeRates.json */; };
		621F64C821D68B8F002E6ED7 /* FakeResponseRatesData.swift in Sources */ = {isa = PBXBuildFile; fileRef = 621F64C721D68B8F002E6ED7 /* FakeResponseRatesData.swift */; };
		622CB5FC21CD446C00D83B65 /* CountriesList.swift in Sources */ = {isa = PBXBuildFile; fileRef = 622CB5FB21CD446C00D83B65 /* CountriesList.swift */; };
		6237425921C6D02000777E99 /* GoogleTranslateApiResponse.swift in Sources */ = {isa = PBXBuildFile; fileRef = 6237425821C6D02000777E99 /* GoogleTranslateApiResponse.swift */; };
		624EE6ED21C2C364000D0D5C /* WeatherManager.swift in Sources */ = {isa = PBXBuildFile; fileRef = 624EE6EC21C2C364000D0D5C /* WeatherManager.swift */; };
		624EE6F121C2C401000D0D5C /* YahooWeatherApiResponse.swift in Sources */ = {isa = PBXBuildFile; fileRef = 624EE6F021C2C401000D0D5C /* YahooWeatherApiResponse.swift */; };
		624EE6F321C2C614000D0D5C /* Conditions.swift in Sources */ = {isa = PBXBuildFile; fileRef = 624EE6F221C2C614000D0D5C /* Conditions.swift */; };
		625A759021B8149E00E26356 /* AppDelegate.swift in Sources */ = {isa = PBXBuildFile; fileRef = 625A758F21B8149E00E26356 /* AppDelegate.swift */; };
		625A759521B8149E00E26356 /* Main.storyboard in Resources */ = {isa = PBXBuildFile; fileRef = 625A759321B8149E00E26356 /* Main.storyboard */; };
		625A759721B8149F00E26356 /* Assets.xcassets in Resources */ = {isa = PBXBuildFile; fileRef = 625A759621B8149F00E26356 /* Assets.xcassets */; };
		625A759A21B8149F00E26356 /* LaunchScreen.storyboard in Resources */ = {isa = PBXBuildFile; fileRef = 625A759821B8149F00E26356 /* LaunchScreen.storyboard */; };
		625A75A621B815DA00E26356 /* Default-568h@2x.png in Resources */ = {isa = PBXBuildFile; fileRef = 625A75A521B815DA00E26356 /* Default-568h@2x.png */; };
		625A75A821B817A600E26356 /* ExchangeRatesViewController.swift in Sources */ = {isa = PBXBuildFile; fileRef = 625A75A721B817A600E26356 /* ExchangeRatesViewController.swift */; };
		625A75AA21B8180A00E26356 /* TranslateViewController.swift in Sources */ = {isa = PBXBuildFile; fileRef = 625A75A921B8180A00E26356 /* TranslateViewController.swift */; };
		625A75AC21B8186A00E26356 /* WeatherViewController.swift in Sources */ = {isa = PBXBuildFile; fileRef = 625A75AB21B8186A00E26356 /* WeatherViewController.swift */; };
		62888C4E21D4D1FF004B29C7 /* ExtensionUITextField.swift in Sources */ = {isa = PBXBuildFile; fileRef = 62888C4D21D4D1FF004B29C7 /* ExtensionUITextField.swift */; };
		62B0F61321D61FD400720A65 /* ExchangeRatesManagerTestCase.swift in Sources */ = {isa = PBXBuildFile; fileRef = 62B0F61221D61FD400720A65 /* ExchangeRatesManagerTestCase.swift */; };
		62BC592621C0143300E5AEB4 /* Translate.swift in Sources */ = {isa = PBXBuildFile; fileRef = 62BC592521C0143300E5AEB4 /* Translate.swift */; };
		62BC592821C0150200E5AEB4 /* TranslateManager.swift in Sources */ = {isa = PBXBuildFile; fileRef = 62BC592721C0150200E5AEB4 /* TranslateManager.swift */; };
		62D1258D21BA725D0086D67F /* ExchangeRatesManager.swift in Sources */ = {isa = PBXBuildFile; fileRef = 62D1258C21BA725D0086D67F /* ExchangeRatesManager.swift */; };
		62D1258F21BA77450086D67F /* Rates.swift in Sources */ = {isa = PBXBuildFile; fileRef = 62D1258E21BA77450086D67F /* Rates.swift */; };
		62D48F4321BC240A00ED6F66 /* FixerApiResponse.swift in Sources */ = {isa = PBXBuildFile; fileRef = 62D48F4221BC240A00ED6F66 /* FixerApiResponse.swift */; };
		62EDB1F921D5475600E97278 /* ExtensionAlertController.swift in Sources */ = {isa = PBXBuildFile; fileRef = 62EDB1F821D5475600E97278 /* ExtensionAlertController.swift */; };
/* End PBXBuildFile section */

/* Begin PBXContainerItemProxy section */
		62B0F61521D61FD400720A65 /* PBXContainerItemProxy */ = {
			isa = PBXContainerItemProxy;
			containerPortal = 625A758421B8149E00E26356 /* Project object */;
			proxyType = 1;
			remoteGlobalIDString = 625A758B21B8149E00E26356;
			remoteInfo = Le_Baluchon;
		};
/* End PBXContainerItemProxy section */

/* Begin PBXFileReference section */
		621F64C021D68741002E6ED7 /* TranslateManagerTestCase.swift */ = {isa = PBXFileReference; lastKnownFileType = sourcecode.swift; path = TranslateManagerTestCase.swift; sourceTree = "<group>"; };
		621F64C321D6884D002E6ED7 /* WeatherManagerTestCase.swift */ = {isa = PBXFileReference; lastKnownFileType = sourcecode.swift; path = WeatherManagerTestCase.swift; sourceTree = "<group>"; };
		621F64C521D68A4A002E6ED7 /* ExchangeRates.json */ = {isa = PBXFileReference; lastKnownFileType = text.json; path = ExchangeRates.json; sourceTree = "<group>"; };
		621F64C721D68B8F002E6ED7 /* FakeResponseRatesData.swift */ = {isa = PBXFileReference; lastKnownFileType = sourcecode.swift; path = FakeResponseRatesData.swift; sourceTree = "<group>"; };
		622CB5FB21CD446C00D83B65 /* CountriesList.swift */ = {isa = PBXFileReference; lastKnownFileType = sourcecode.swift; path = CountriesList.swift; sourceTree = "<group>"; };
		6237425821C6D02000777E99 /* GoogleTranslateApiResponse.swift */ = {isa = PBXFileReference; lastKnownFileType = sourcecode.swift; path = GoogleTranslateApiResponse.swift; sourceTree = "<group>"; };
		624EE6EC21C2C364000D0D5C /* WeatherManager.swift */ = {isa = PBXFileReference; lastKnownFileType = sourcecode.swift; path = WeatherManager.swift; sourceTree = "<group>"; };
		624EE6F021C2C401000D0D5C /* YahooWeatherApiResponse.swift */ = {isa = PBXFileReference; lastKnownFileType = sourcecode.swift; path = YahooWeatherApiResponse.swift; sourceTree = "<group>"; };
		624EE6F221C2C614000D0D5C /* Conditions.swift */ = {isa = PBXFileReference; lastKnownFileType = sourcecode.swift; path = Conditions.swift; sourceTree = "<group>"; };
		625A758C21B8149E00E26356 /* Le_Baluchon.app */ = {isa = PBXFileReference; explicitFileType = wrapper.application; includeInIndex = 0; path = Le_Baluchon.app; sourceTree = BUILT_PRODUCTS_DIR; };
		625A758F21B8149E00E26356 /* AppDelegate.swift */ = {isa = PBXFileReference; lastKnownFileType = sourcecode.swift; path = AppDelegate.swift; sourceTree = "<group>"; };
		625A759421B8149E00E26356 /* Base */ = {isa = PBXFileReference; lastKnownFileType = file.storyboard; name = Base; path = Base.lproj/Main.storyboard; sourceTree = "<group>"; };
		625A759621B8149F00E26356 /* Assets.xcassets */ = {isa = PBXFileReference; lastKnownFileType = folder.assetcatalog; path = Assets.xcassets; sourceTree = "<group>"; };
		625A759921B8149F00E26356 /* Base */ = {isa = PBXFileReference; lastKnownFileType = file.storyboard; name = Base; path = Base.lproj/LaunchScreen.storyboard; sourceTree = "<group>"; };
		625A759B21B8149F00E26356 /* Info.plist */ = {isa = PBXFileReference; lastKnownFileType = text.plist.xml; path = Info.plist; sourceTree = "<group>"; };
		625A75A521B815DA00E26356 /* Default-568h@2x.png */ = {isa = PBXFileReference; lastKnownFileType = image.png; path = "Default-568h@2x.png"; sourceTree = "<group>"; };
		625A75A721B817A600E26356 /* ExchangeRatesViewController.swift */ = {isa = PBXFileReference; lastKnownFileType = sourcecode.swift; path = ExchangeRatesViewController.swift; sourceTree = "<group>"; };
		625A75A921B8180A00E26356 /* TranslateViewController.swift */ = {isa = PBXFileReference; lastKnownFileType = sourcecode.swift; path = TranslateViewController.swift; sourceTree = "<group>"; };
		625A75AB21B8186A00E26356 /* WeatherViewController.swift */ = {isa = PBXFileReference; lastKnownFileType = sourcecode.swift; path = WeatherViewController.swift; sourceTree = "<group>"; };
		62888C4D21D4D1FF004B29C7 /* ExtensionUITextField.swift */ = {isa = PBXFileReference; lastKnownFileType = sourcecode.swift; path = ExtensionUITextField.swift; sourceTree = "<group>"; };
		62B0F61021D61FD400720A65 /* Le_BaluchonTests.xctest */ = {isa = PBXFileReference; explicitFileType = wrapper.cfbundle; includeInIndex = 0; path = Le_BaluchonTests.xctest; sourceTree = BUILT_PRODUCTS_DIR; };
		62B0F61221D61FD400720A65 /* ExchangeRatesManagerTestCase.swift */ = {isa = PBXFileReference; lastKnownFileType = sourcecode.swift; path = ExchangeRatesManagerTestCase.swift; sourceTree = "<group>"; };
		62B0F61421D61FD400720A65 /* Info.plist */ = {isa = PBXFileReference; lastKnownFileType = text.plist.xml; path = Info.plist; sourceTree = "<group>"; };
		62BC592521C0143300E5AEB4 /* Translate.swift */ = {isa = PBXFileReference; lastKnownFileType = sourcecode.swift; path = Translate.swift; sourceTree = "<group>"; };
		62BC592721C0150200E5AEB4 /* TranslateManager.swift */ = {isa = PBXFileReference; lastKnownFileType = sourcecode.swift; path = TranslateManager.swift; sourceTree = "<group>"; };
		62D1258C21BA725D0086D67F /* ExchangeRatesManager.swift */ = {isa = PBXFileReference; lastKnownFileType = sourcecode.swift; path = ExchangeRatesManager.swift; sourceTree = "<group>"; };
		62D1258E21BA77450086D67F /* Rates.swift */ = {isa = PBXFileReference; lastKnownFileType = sourcecode.swift; path = Rates.swift; sourceTree = "<group>"; };
		62D48F4221BC240A00ED6F66 /* FixerApiResponse.swift */ = {isa = PBXFileReference; lastKnownFileType = sourcecode.swift; path = FixerApiResponse.swift; sourceTree = "<group>"; };
		62EDB1F821D5475600E97278 /* ExtensionAlertController.swift */ = {isa = PBXFileReference; lastKnownFileType = sourcecode.swift; path = ExtensionAlertController.swift; sourceTree = "<group>"; };
/* End PBXFileReference section */

/* Begin PBXFrameworksBuildPhase section */
		625A758921B8149E00E26356 /* Frameworks */ = {
			isa = PBXFrameworksBuildPhase;
			buildActionMask = 2147483647;
			files = (
			);
			runOnlyForDeploymentPostprocessing = 0;
		};
		62B0F60D21D61FD400720A65 /* Frameworks */ = {
			isa = PBXFrameworksBuildPhase;
			buildActionMask = 2147483647;
			files = (
			);
			runOnlyForDeploymentPostprocessing = 0;
		};
/* End PBXFrameworksBuildPhase section */

/* Begin PBXGroup section */
		621F64BE21D68444002E6ED7 /* ExchangeRatesTests */ = {
			isa = PBXGroup;
			children = (
				62B0F61221D61FD400720A65 /* ExchangeRatesManagerTestCase.swift */,
				621F64C521D68A4A002E6ED7 /* ExchangeRates.json */,
				621F64C721D68B8F002E6ED7 /* FakeResponseRatesData.swift */,
			);
			path = ExchangeRatesTests;
			sourceTree = "<group>";
		};
		621F64BF21D686AE002E6ED7 /* TranslateTests */ = {
			isa = PBXGroup;
			children = (
				621F64C021D68741002E6ED7 /* TranslateManagerTestCase.swift */,
			);
			path = TranslateTests;
			sourceTree = "<group>";
		};
		621F64C221D68801002E6ED7 /* WeatherTests */ = {
			isa = PBXGroup;
			children = (
				621F64C321D6884D002E6ED7 /* WeatherManagerTestCase.swift */,
			);
			path = WeatherTests;
			sourceTree = "<group>";
		};
		624EE6EB21C2C25B000D0D5C /* Weather */ = {
			isa = PBXGroup;
			children = (
				624EE6EC21C2C364000D0D5C /* WeatherManager.swift */,
				624EE6F021C2C401000D0D5C /* YahooWeatherApiResponse.swift */,
				624EE6F221C2C614000D0D5C /* Conditions.swift */,
			);
			path = Weather;
			sourceTree = "<group>";
		};
		625A758321B8149E00E26356 = {
			isa = PBXGroup;
			children = (
				625A758E21B8149E00E26356 /* Le_Baluchon */,
				62B0F61121D61FD400720A65 /* Le_BaluchonTests */,
				625A758D21B8149E00E26356 /* Products */,
			);
			sourceTree = "<group>";
		};
		625A758D21B8149E00E26356 /* Products */ = {
			isa = PBXGroup;
			children = (
				625A758C21B8149E00E26356 /* Le_Baluchon.app */,
				62B0F61021D61FD400720A65 /* Le_BaluchonTests.xctest */,
			);
			name = Products;
			sourceTree = "<group>";
		};
		625A758E21B8149E00E26356 /* Le_Baluchon */ = {
			isa = PBXGroup;
			children = (
				625A75A421B8157300E26356 /* SupportingFiles */,
				625A75A121B814E200E26356 /* Model */,
				625A75A221B814F000E26356 /* Controller */,
				625A75A321B814FC00E26356 /* View */,
			);
			path = Le_Baluchon;
			sourceTree = "<group>";
		};
		625A75A121B814E200E26356 /* Model */ = {
			isa = PBXGroup;
			children = (
				62BC592921C01B0D00E5AEB4 /* ExchangeRates */,
				62BC592A21C01B3600E5AEB4 /* Translate */,
				624EE6EB21C2C25B000D0D5C /* Weather */,
			);
			path = Model;
			sourceTree = "<group>";
		};
		625A75A221B814F000E26356 /* Controller */ = {
			isa = PBXGroup;
			children = (
				625A75A721B817A600E26356 /* ExchangeRatesViewController.swift */,
				625A75A921B8180A00E26356 /* TranslateViewController.swift */,
				625A75AB21B8186A00E26356 /* WeatherViewController.swift */,
			);
			path = Controller;
			sourceTree = "<group>";
		};
		625A75A321B814FC00E26356 /* View */ = {
			isa = PBXGroup;
			children = (
				625A759821B8149F00E26356 /* LaunchScreen.storyboard */,
				625A759321B8149E00E26356 /* Main.storyboard */,
			);
			path = View;
			sourceTree = "<group>";
		};
		625A75A421B8157300E26356 /* SupportingFiles */ = {
			isa = PBXGroup;
			children = (
				625A75A521B815DA00E26356 /* Default-568h@2x.png */,
				625A759B21B8149F00E26356 /* Info.plist */,
				625A758F21B8149E00E26356 /* AppDelegate.swift */,
				625A759621B8149F00E26356 /* Assets.xcassets */,
				62888C4C21D4D1D6004B29C7 /* Extensions */,
			);
			path = SupportingFiles;
			sourceTree = "<group>";
		};
		62888C4C21D4D1D6004B29C7 /* Extensions */ = {
			isa = PBXGroup;
			children = (
				62888C4D21D4D1FF004B29C7 /* ExtensionUITextField.swift */,
				62EDB1F821D5475600E97278 /* ExtensionAlertController.swift */,
			);
			path = Extensions;
			sourceTree = "<group>";
		};
		62B0F61121D61FD400720A65 /* Le_BaluchonTests */ = {
			isa = PBXGroup;
			children = (
				62B0F61421D61FD400720A65 /* Info.plist */,
				621F64BE21D68444002E6ED7 /* ExchangeRatesTests */,
				621F64BF21D686AE002E6ED7 /* TranslateTests */,
				621F64C221D68801002E6ED7 /* WeatherTests */,
			);
			path = Le_BaluchonTests;
			sourceTree = "<group>";
		};
		62BC592921C01B0D00E5AEB4 /* ExchangeRates */ = {
			isa = PBXGroup;
			children = (
				62D1258C21BA725D0086D67F /* ExchangeRatesManager.swift */,
				62D48F4221BC240A00ED6F66 /* FixerApiResponse.swift */,
				62D1258E21BA77450086D67F /* Rates.swift */,
				622CB5FB21CD446C00D83B65 /* CountriesList.swift */,
			);
			path = ExchangeRates;
			sourceTree = "<group>";
		};
		62BC592A21C01B3600E5AEB4 /* Translate */ = {
			isa = PBXGroup;
			children = (
				62BC592721C0150200E5AEB4 /* TranslateManager.swift */,
				6237425821C6D02000777E99 /* GoogleTranslateApiResponse.swift */,
				62BC592521C0143300E5AEB4 /* Translate.swift */,
			);
			path = Translate;
			sourceTree = "<group>";
		};
/* End PBXGroup section */

/* Begin PBXNativeTarget section */
		625A758B21B8149E00E26356 /* Le_Baluchon */ = {
			isa = PBXNativeTarget;
			buildConfigurationList = 625A759E21B8149F00E26356 /* Build configuration list for PBXNativeTarget "Le_Baluchon" */;
			buildPhases = (
				625A758821B8149E00E26356 /* Sources */,
				625A758921B8149E00E26356 /* Frameworks */,
				625A758A21B8149E00E26356 /* Resources */,
			);
			buildRules = (
			);
			dependencies = (
			);
			name = Le_Baluchon;
			productName = Le_Baluchon;
			productReference = 625A758C21B8149E00E26356 /* Le_Baluchon.app */;
			productType = "com.apple.product-type.application";
		};
		62B0F60F21D61FD400720A65 /* Le_BaluchonTests */ = {
			isa = PBXNativeTarget;
			buildConfigurationList = 62B0F61721D61FD400720A65 /* Build configuration list for PBXNativeTarget "Le_BaluchonTests" */;
			buildPhases = (
				62B0F60C21D61FD400720A65 /* Sources */,
				62B0F60D21D61FD400720A65 /* Frameworks */,
				62B0F60E21D61FD400720A65 /* Resources */,
			);
			buildRules = (
			);
			dependencies = (
				62B0F61621D61FD400720A65 /* PBXTargetDependency */,
			);
			name = Le_BaluchonTests;
			productName = Le_BaluchonTests;
			productReference = 62B0F61021D61FD400720A65 /* Le_BaluchonTests.xctest */;
			productType = "com.apple.product-type.bundle.unit-test";
		};
/* End PBXNativeTarget section */

/* Begin PBXProject section */
		625A758421B8149E00E26356 /* Project object */ = {
			isa = PBXProject;
			attributes = {
				LastSwiftUpdateCheck = 1010;
				LastUpgradeCheck = 1010;
				ORGANIZATIONNAME = OpenClassroomsFRSantolariaJF;
				TargetAttributes = {
					625A758B21B8149E00E26356 = {
						CreatedOnToolsVersion = 10.1;
					};
					62B0F60F21D61FD400720A65 = {
						CreatedOnToolsVersion = 10.1;
						TestTargetID = 625A758B21B8149E00E26356;
					};
				};
			};
			buildConfigurationList = 625A758721B8149E00E26356 /* Build configuration list for PBXProject "Le_Baluchon" */;
			compatibilityVersion = "Xcode 9.3";
			developmentRegion = en;
			hasScannedForEncodings = 0;
			knownRegions = (
				en,
				Base,
			);
			mainGroup = 625A758321B8149E00E26356;
			productRefGroup = 625A758D21B8149E00E26356 /* Products */;
			projectDirPath = "";
			projectRoot = "";
			targets = (
				625A758B21B8149E00E26356 /* Le_Baluchon */,
				62B0F60F21D61FD400720A65 /* Le_BaluchonTests */,
			);
		};
/* End PBXProject section */

/* Begin PBXResourcesBuildPhase section */
		625A758A21B8149E00E26356 /* Resources */ = {
			isa = PBXResourcesBuildPhase;
			buildActionMask = 2147483647;
			files = (
				625A759A21B8149F00E26356 /* LaunchScreen.storyboard in Resources */,
				625A75A621B815DA00E26356 /* Default-568h@2x.png in Resources */,
				625A759721B8149F00E26356 /* Assets.xcassets in Resources */,
				625A759521B8149E00E26356 /* Main.storyboard in Resources */,
			);
			runOnlyForDeploymentPostprocessing = 0;
		};
		62B0F60E21D61FD400720A65 /* Resources */ = {
			isa = PBXResourcesBuildPhase;
			buildActionMask = 2147483647;
			files = (
				621F64C621D68A4A002E6ED7 /* ExchangeRates.json in Resources */,
			);
			runOnlyForDeploymentPostprocessing = 0;
		};
/* End PBXResourcesBuildPhase section */

/* Begin PBXSourcesBuildPhase section */
		625A758821B8149E00E26356 /* Sources */ = {
			isa = PBXSourcesBuildPhase;
			buildActionMask = 2147483647;
			files = (
				625A75A821B817A600E26356 /* ExchangeRatesViewController.swift in Sources */,
				62BC592821C0150200E5AEB4 /* TranslateManager.swift in Sources */,
				62EDB1F921D5475600E97278 /* ExtensionAlertController.swift in Sources */,
				624EE6F321C2C614000D0D5C /* Conditions.swift in Sources */,
				624EE6F121C2C401000D0D5C /* YahooWeatherApiResponse.swift in Sources */,
				624EE6ED21C2C364000D0D5C /* WeatherManager.swift in Sources */,
				62D1258D21BA725D0086D67F /* ExchangeRatesManager.swift in Sources */,
				62888C4E21D4D1FF004B29C7 /* ExtensionUITextField.swift in Sources */,
				62BC592621C0143300E5AEB4 /* Translate.swift in Sources */,
				625A75AC21B8186A00E26356 /* WeatherViewController.swift in Sources */,
				6237425921C6D02000777E99 /* GoogleTranslateApiResponse.swift in Sources */,
				62D48F4321BC240A00ED6F66 /* FixerApiResponse.swift in Sources */,
				625A759021B8149E00E26356 /* AppDelegate.swift in Sources */,
				62D1258F21BA77450086D67F /* Rates.swift in Sources */,
				625A75AA21B8180A00E26356 /* TranslateViewController.swift in Sources */,
				622CB5FC21CD446C00D83B65 /* CountriesList.swift in Sources */,
			);
			runOnlyForDeploymentPostprocessing = 0;
		};
		62B0F60C21D61FD400720A65 /* Sources */ = {
			isa = PBXSourcesBuildPhase;
			buildActionMask = 2147483647;
			files = (
				621F64C121D68741002E6ED7 /* TranslateManagerTestCase.swift in Sources */,
				621F64C821D68B8F002E6ED7 /* FakeResponseRatesData.swift in Sources */,
				62B0F61321D61FD400720A65 /* ExchangeRatesManagerTestCase.swift in Sources */,
				621F64C421D6884D002E6ED7 /* WeatherManagerTestCase.swift in Sources */,
			);
			runOnlyForDeploymentPostprocessing = 0;
		};
/* End PBXSourcesBuildPhase section */

/* Begin PBXTargetDependency section */
		62B0F61621D61FD400720A65 /* PBXTargetDependency */ = {
			isa = PBXTargetDependency;
			target = 625A758B21B8149E00E26356 /* Le_Baluchon */;
			targetProxy = 62B0F61521D61FD400720A65 /* PBXContainerItemProxy */;
		};
/* End PBXTargetDependency section */

/* Begin PBXVariantGroup section */
		625A759321B8149E00E26356 /* Main.storyboard */ = {
			isa = PBXVariantGroup;
			children = (
				625A759421B8149E00E26356 /* Base */,
			);
			name = Main.storyboard;
			sourceTree = "<group>";
		};
		625A759821B8149F00E26356 /* LaunchScreen.storyboard */ = {
			isa = PBXVariantGroup;
			children = (
				625A759921B8149F00E26356 /* Base */,
			);
			name = LaunchScreen.storyboard;
			sourceTree = "<group>";
		};
/* End PBXVariantGroup section */

/* Begin XCBuildConfiguration section */
		625A759C21B8149F00E26356 /* Debug */ = {
			isa = XCBuildConfiguration;
			buildSettings = {
				ALWAYS_SEARCH_USER_PATHS = NO;
				CLANG_ANALYZER_NONNULL = YES;
				CLANG_ANALYZER_NUMBER_OBJECT_CONVERSION = YES_AGGRESSIVE;
				CLANG_CXX_LANGUAGE_STANDARD = "gnu++14";
				CLANG_CXX_LIBRARY = "libc++";
				CLANG_ENABLE_MODULES = YES;
				CLANG_ENABLE_OBJC_ARC = YES;
				CLANG_ENABLE_OBJC_WEAK = YES;
				CLANG_WARN_BLOCK_CAPTURE_AUTORELEASING = YES;
				CLANG_WARN_BOOL_CONVERSION = YES;
				CLANG_WARN_COMMA = YES;
				CLANG_WARN_CONSTANT_CONVERSION = YES;
				CLANG_WARN_DEPRECATED_OBJC_IMPLEMENTATIONS = YES;
				CLANG_WARN_DIRECT_OBJC_ISA_USAGE = YES_ERROR;
				CLANG_WARN_DOCUMENTATION_COMMENTS = YES;
				CLANG_WARN_EMPTY_BODY = YES;
				CLANG_WARN_ENUM_CONVERSION = YES;
				CLANG_WARN_INFINITE_RECURSION = YES;
				CLANG_WARN_INT_CONVERSION = YES;
				CLANG_WARN_NON_LITERAL_NULL_CONVERSION = YES;
				CLANG_WARN_OBJC_IMPLICIT_RETAIN_SELF = YES;
				CLANG_WARN_OBJC_LITERAL_CONVERSION = YES;
				CLANG_WARN_OBJC_ROOT_CLASS = YES_ERROR;
				CLANG_WARN_RANGE_LOOP_ANALYSIS = YES;
				CLANG_WARN_STRICT_PROTOTYPES = YES;
				CLANG_WARN_SUSPICIOUS_MOVE = YES;
				CLANG_WARN_UNGUARDED_AVAILABILITY = YES_AGGRESSIVE;
				CLANG_WARN_UNREACHABLE_CODE = YES;
				CLANG_WARN__DUPLICATE_METHOD_MATCH = YES;
				CODE_SIGN_IDENTITY = "iPhone Developer";
				COPY_PHASE_STRIP = NO;
				DEBUG_INFORMATION_FORMAT = dwarf;
				ENABLE_STRICT_OBJC_MSGSEND = YES;
				ENABLE_TESTABILITY = YES;
				GCC_C_LANGUAGE_STANDARD = gnu11;
				GCC_DYNAMIC_NO_PIC = NO;
				GCC_NO_COMMON_BLOCKS = YES;
				GCC_OPTIMIZATION_LEVEL = 0;
				GCC_PREPROCESSOR_DEFINITIONS = (
					"DEBUG=1",
					"$(inherited)",
				);
				GCC_WARN_64_TO_32_BIT_CONVERSION = YES;
				GCC_WARN_ABOUT_RETURN_TYPE = YES_ERROR;
				GCC_WARN_UNDECLARED_SELECTOR = YES;
				GCC_WARN_UNINITIALIZED_AUTOS = YES_AGGRESSIVE;
				GCC_WARN_UNUSED_FUNCTION = YES;
				GCC_WARN_UNUSED_VARIABLE = YES;
				IPHONEOS_DEPLOYMENT_TARGET = 11.0;
				MTL_ENABLE_DEBUG_INFO = INCLUDE_SOURCE;
				MTL_FAST_MATH = YES;
				ONLY_ACTIVE_ARCH = YES;
				SDKROOT = iphoneos;
				SWIFT_ACTIVE_COMPILATION_CONDITIONS = DEBUG;
				SWIFT_OPTIMIZATION_LEVEL = "-Onone";
			};
			name = Debug;
		};
		625A759D21B8149F00E26356 /* Release */ = {
			isa = XCBuildConfiguration;
			buildSettings = {
				ALWAYS_SEARCH_USER_PATHS = NO;
				CLANG_ANALYZER_NONNULL = YES;
				CLANG_ANALYZER_NUMBER_OBJECT_CONVERSION = YES_AGGRESSIVE;
				CLANG_CXX_LANGUAGE_STANDARD = "gnu++14";
				CLANG_CXX_LIBRARY = "libc++";
				CLANG_ENABLE_MODULES = YES;
				CLANG_ENABLE_OBJC_ARC = YES;
				CLANG_ENABLE_OBJC_WEAK = YES;
				CLANG_WARN_BLOCK_CAPTURE_AUTORELEASING = YES;
				CLANG_WARN_BOOL_CONVERSION = YES;
				CLANG_WARN_COMMA = YES;
				CLANG_WARN_CONSTANT_CONVERSION = YES;
				CLANG_WARN_DEPRECATED_OBJC_IMPLEMENTATIONS = YES;
				CLANG_WARN_DIRECT_OBJC_ISA_USAGE = YES_ERROR;
				CLANG_WARN_DOCUMENTATION_COMMENTS = YES;
				CLANG_WARN_EMPTY_BODY = YES;
				CLANG_WARN_ENUM_CONVERSION = YES;
				CLANG_WARN_INFINITE_RECURSION = YES;
				CLANG_WARN_INT_CONVERSION = YES;
				CLANG_WARN_NON_LITERAL_NULL_CONVERSION = YES;
				CLANG_WARN_OBJC_IMPLICIT_RETAIN_SELF = YES;
				CLANG_WARN_OBJC_LITERAL_CONVERSION = YES;
				CLANG_WARN_OBJC_ROOT_CLASS = YES_ERROR;
				CLANG_WARN_RANGE_LOOP_ANALYSIS = YES;
				CLANG_WARN_STRICT_PROTOTYPES = YES;
				CLANG_WARN_SUSPICIOUS_MOVE = YES;
				CLANG_WARN_UNGUARDED_AVAILABILITY = YES_AGGRESSIVE;
				CLANG_WARN_UNREACHABLE_CODE = YES;
				CLANG_WARN__DUPLICATE_METHOD_MATCH = YES;
				CODE_SIGN_IDENTITY = "iPhone Developer";
				COPY_PHASE_STRIP = NO;
				DEBUG_INFORMATION_FORMAT = "dwarf-with-dsym";
				ENABLE_NS_ASSERTIONS = NO;
				ENABLE_STRICT_OBJC_MSGSEND = YES;
				GCC_C_LANGUAGE_STANDARD = gnu11;
				GCC_NO_COMMON_BLOCKS = YES;
				GCC_WARN_64_TO_32_BIT_CONVERSION = YES;
				GCC_WARN_ABOUT_RETURN_TYPE = YES_ERROR;
				GCC_WARN_UNDECLARED_SELECTOR = YES;
				GCC_WARN_UNINITIALIZED_AUTOS = YES_AGGRESSIVE;
				GCC_WARN_UNUSED_FUNCTION = YES;
				GCC_WARN_UNUSED_VARIABLE = YES;
				IPHONEOS_DEPLOYMENT_TARGET = 11.0;
				MTL_ENABLE_DEBUG_INFO = NO;
				MTL_FAST_MATH = YES;
				SDKROOT = iphoneos;
				SWIFT_COMPILATION_MODE = wholemodule;
				SWIFT_OPTIMIZATION_LEVEL = "-O";
				VALIDATE_PRODUCT = YES;
			};
			name = Release;
		};
		625A759F21B8149F00E26356 /* Debug */ = {
			isa = XCBuildConfiguration;
			buildSettings = {
				ASSETCATALOG_COMPILER_APPICON_NAME = AppIcon;
				CODE_SIGN_STYLE = Automatic;
				INFOPLIST_FILE = "$(SRCROOT)/Le_Baluchon/SupportingFiles/Info.plist";
				IPHONEOS_DEPLOYMENT_TARGET = 11.0;
				LD_RUNPATH_SEARCH_PATHS = (
					"$(inherited)",
					"@executable_path/Frameworks",
				);
				PRODUCT_BUNDLE_IDENTIFIER = "com.example.Le-Baluchon";
				PRODUCT_NAME = "$(TARGET_NAME)";
				SWIFT_VERSION = 4.2;
				TARGETED_DEVICE_FAMILY = 1;
			};
			name = Debug;
		};
		625A75A021B8149F00E26356 /* Release */ = {
			isa = XCBuildConfiguration;
			buildSettings = {
				ASSETCATALOG_COMPILER_APPICON_NAME = AppIcon;
				CODE_SIGN_STYLE = Automatic;
				INFOPLIST_FILE = "$(SRCROOT)/Le_Baluchon/SupportingFiles/Info.plist";
				IPHONEOS_DEPLOYMENT_TARGET = 11.0;
				LD_RUNPATH_SEARCH_PATHS = (
					"$(inherited)",
					"@executable_path/Frameworks",
				);
				PRODUCT_BUNDLE_IDENTIFIER = "com.example.Le-Baluchon";
				PRODUCT_NAME = "$(TARGET_NAME)";
				SWIFT_VERSION = 4.2;
				TARGETED_DEVICE_FAMILY = 1;
			};
			name = Release;
		};
		62B0F61821D61FD400720A65 /* Debug */ = {
			isa = XCBuildConfiguration;
			buildSettings = {
				BUNDLE_LOADER = "$(TEST_HOST)";
				CODE_SIGN_STYLE = Automatic;
				INFOPLIST_FILE = Le_BaluchonTests/Info.plist;
				IPHONEOS_DEPLOYMENT_TARGET = 12.1;
				LD_RUNPATH_SEARCH_PATHS = (
					"$(inherited)",
					"@executable_path/Frameworks",
					"@loader_path/Frameworks",
				);
				PRODUCT_BUNDLE_IDENTIFIER = "com.example.Le-BaluchonTests";
				PRODUCT_NAME = "$(TARGET_NAME)";
				SWIFT_VERSION = 4.2;
				TARGETED_DEVICE_FAMILY = "1,2";
				TEST_HOST = "$(BUILT_PRODUCTS_DIR)/Le_Baluchon.app/Le_Baluchon";
			};
			name = Debug;
		};
		62B0F61921D61FD400720A65 /* Release */ = {
			isa = XCBuildConfiguration;
			buildSettings = {
				BUNDLE_LOADER = "$(TEST_HOST)";
				CODE_SIGN_STYLE = Automatic;
				INFOPLIST_FILE = Le_BaluchonTests/Info.plist;
				IPHONEOS_DEPLOYMENT_TARGET = 12.1;
				LD_RUNPATH_SEARCH_PATHS = (
					"$(inherited)",
					"@executable_path/Frameworks",
					"@loader_path/Frameworks",
				);
				PRODUCT_BUNDLE_IDENTIFIER = "com.example.Le-BaluchonTests";
				PRODUCT_NAME = "$(TARGET_NAME)";
				SWIFT_VERSION = 4.2;
				TARGETED_DEVICE_FAMILY = "1,2";
				TEST_HOST = "$(BUILT_PRODUCTS_DIR)/Le_Baluchon.app/Le_Baluchon";
			};
			name = Release;
		};
/* End XCBuildConfiguration section */

/* Begin XCConfigurationList section */
		625A758721B8149E00E26356 /* Build configuration list for PBXProject "Le_Baluchon" */ = {
			isa = XCConfigurationList;
			buildConfigurations = (
				625A759C21B8149F00E26356 /* Debug */,
				625A759D21B8149F00E26356 /* Release */,
			);
			defaultConfigurationIsVisible = 0;
			defaultConfigurationName = Release;
		};
		625A759E21B8149F00E26356 /* Build configuration list for PBXNativeTarget "Le_Baluchon" */ = {
			isa = XCConfigurationList;
			buildConfigurations = (
				625A759F21B8149F00E26356 /* Debug */,
				625A75A021B8149F00E26356 /* Release */,
			);
			defaultConfigurationIsVisible = 0;
			defaultConfigurationName = Release;
		};
		62B0F61721D61FD400720A65 /* Build configuration list for PBXNativeTarget "Le_BaluchonTests" */ = {
			isa = XCConfigurationList;
			buildConfigurations = (
				62B0F61821D61FD400720A65 /* Debug */,
				62B0F61921D61FD400720A65 /* Release */,
			);
			defaultConfigurationIsVisible = 0;
			defaultConfigurationName = Release;
		};
/* End XCConfigurationList section */
	};
	rootObject = 625A758421B8149E00E26356 /* Project object */;
}
